
Microsoft Visual Studio Solution File, Format Version 12.00
# Visual Studio Version 17
VisualStudioVersion = 17.2.32210.308
MinimumVisualStudioVersion = 10.0.40219.1
Project("{2150E333-8FDC-42A3-9474-1A3956D46DE8}") = "Solution Items", "Solution Items", "{383AEE76-D423-431C-893A-7AB3DEA13630}"
	ProjectSection(SolutionItems) = preProject
		.editorconfig = .editorconfig
		repo.json = repo.json
	EndProjectSection
EndProject
Project("{9A19103F-16F7-4668-BE54-9A1E7A4F7556}") = "Glamourer", "Glamourer\Glamourer.csproj", "{01EB903D-871F-4285-A8CF-6486561D5B5B}"
EndProject
Project("{9A19103F-16F7-4668-BE54-9A1E7A4F7556}") = "Penumbra.Api", "Penumbra.Api\Penumbra.Api.csproj", "{29C589ED-7AF1-4DE9-82EF-33EBEF19AAFA}"
EndProject
Project("{9A19103F-16F7-4668-BE54-9A1E7A4F7556}") = "Penumbra.GameData", "Penumbra.GameData\Penumbra.GameData.csproj", "{C0A2FAF8-C3AE-4B7B-ADDB-4AAC1A855428}"
EndProject
Project("{9A19103F-16F7-4668-BE54-9A1E7A4F7556}") = "Penumbra.String", "Penumbra.String\Penumbra.String.csproj", "{AAFE22E7-0F9B-462A-AAA3-6EE3B268F3F8}"
EndProject
Project("{9A19103F-16F7-4668-BE54-9A1E7A4F7556}") = "OtterGui", "OtterGui\OtterGui.csproj", "{EF233CE2-F243-449E-BE05-72B9D110E419}"
EndProject
Project("{9A19103F-16F7-4668-BE54-9A1E7A4F7556}") = "Glamourer.Api", "Glamourer.Api\Glamourer.Api.csproj", "{9B46691B-FAB2-4CC3-9B89-C8B91A590F47}"
EndProject
Global
	GlobalSection(SolutionConfigurationPlatforms) = preSolution
		Debug|Any CPU = Debug|Any CPU
		Release|Any CPU = Release|Any CPU
	EndGlobalSection
	GlobalSection(ProjectConfigurationPlatforms) = postSolution
		{01EB903D-871F-4285-A8CF-6486561D5B5B}.Debug|Any CPU.ActiveCfg = Debug|Any CPU
		{01EB903D-871F-4285-A8CF-6486561D5B5B}.Debug|Any CPU.Build.0 = Debug|Any CPU
		{01EB903D-871F-4285-A8CF-6486561D5B5B}.Release|Any CPU.ActiveCfg = Release|Any CPU
		{01EB903D-871F-4285-A8CF-6486561D5B5B}.Release|Any CPU.Build.0 = Release|Any CPU
		{29C589ED-7AF1-4DE9-82EF-33EBEF19AAFA}.Debug|Any CPU.ActiveCfg = Debug|Any CPU
		{29C589ED-7AF1-4DE9-82EF-33EBEF19AAFA}.Debug|Any CPU.Build.0 = Debug|Any CPU
		{29C589ED-7AF1-4DE9-82EF-33EBEF19AAFA}.Release|Any CPU.ActiveCfg = Release|Any CPU
		{29C589ED-7AF1-4DE9-82EF-33EBEF19AAFA}.Release|Any CPU.Build.0 = Release|Any CPU
		{C0A2FAF8-C3AE-4B7B-ADDB-4AAC1A855428}.Debug|Any CPU.ActiveCfg = Debug|Any CPU
		{C0A2FAF8-C3AE-4B7B-ADDB-4AAC1A855428}.Debug|Any CPU.Build.0 = Debug|Any CPU
		{C0A2FAF8-C3AE-4B7B-ADDB-4AAC1A855428}.Release|Any CPU.ActiveCfg = Release|Any CPU
		{C0A2FAF8-C3AE-4B7B-ADDB-4AAC1A855428}.Release|Any CPU.Build.0 = Release|Any CPU
		{AAFE22E7-0F9B-462A-AAA3-6EE3B268F3F8}.Debug|Any CPU.ActiveCfg = Debug|Any CPU
		{AAFE22E7-0F9B-462A-AAA3-6EE3B268F3F8}.Debug|Any CPU.Build.0 = Debug|Any CPU
		{AAFE22E7-0F9B-462A-AAA3-6EE3B268F3F8}.Release|Any CPU.ActiveCfg = Release|Any CPU
		{AAFE22E7-0F9B-462A-AAA3-6EE3B268F3F8}.Release|Any CPU.Build.0 = Release|Any CPU
		{EF233CE2-F243-449E-BE05-72B9D110E419}.Debug|Any CPU.ActiveCfg = Debug|Any CPU
		{EF233CE2-F243-449E-BE05-72B9D110E419}.Debug|Any CPU.Build.0 = Debug|Any CPU
		{EF233CE2-F243-449E-BE05-72B9D110E419}.Release|Any CPU.ActiveCfg = Release|Any CPU
		{EF233CE2-F243-449E-BE05-72B9D110E419}.Release|Any CPU.Build.0 = Release|Any CPU
		{9B46691B-FAB2-4CC3-9B89-C8B91A590F47}.Debug|Any CPU.ActiveCfg = Debug|Any CPU
		{9B46691B-FAB2-4CC3-9B89-C8B91A590F47}.Debug|Any CPU.Build.0 = Debug|Any CPU
		{9B46691B-FAB2-4CC3-9B89-C8B91A590F47}.Release|Any CPU.ActiveCfg = Release|Any CPU
		{9B46691B-FAB2-4CC3-9B89-C8B91A590F47}.Release|Any CPU.Build.0 = Release|Any CPU
	EndGlobalSection
	GlobalSection(SolutionProperties) = preSolution
		HideSolutionNode = FALSE
	EndGlobalSection
	GlobalSection(ExtensibilityGlobals) = postSolution
		SolutionGuid = {37674B88-2038-4C63-A979-84404391773A}
	EndGlobalSection
EndGlobal
