
Microsoft Visual Studio Solution File, Format Version 12.00
# Visual Studio Version 17
VisualStudioVersion = 17.2.32210.308
MinimumVisualStudioVersion = 10.0.40219.1
Project("{9A19103F-16F7-4668-BE54-9A1E7A4F7556}") = "GlamourerOld", "GlamourerOld\GlamourerOld.csproj", "{A5439F6B-83C1-4078-9371-354A147FF554}"
EndProject
Project("{2150E333-8FDC-42A3-9474-1A3956D46DE8}") = "Solution Items", "Solution Items", "{383AEE76-D423-431C-893A-7AB3DEA13630}"
	ProjectSection(SolutionItems) = preProject
		.editorconfig = .editorconfig
		repo.json = repo.json
	EndProjectSection
EndProject
Project("{9A19103F-16F7-4668-BE54-9A1E7A4F7556}") = "Glamourer.GameData", "Glamourer.GameData\Glamourer.GameData.csproj", "{51F4DDB0-1FA0-4629-9CFE-C55B6062907B}"
EndProject
Project("{9A19103F-16F7-4668-BE54-9A1E7A4F7556}") = "Penumbra.GameData", "..\Penumbra\Penumbra.GameData\Penumbra.GameData.csproj", "{9BEE2336-AA93-4669-8EEA-4756B3B2D024}"
EndProject
Project("{9A19103F-16F7-4668-BE54-9A1E7A4F7556}") = "OtterGui", "..\Penumbra\OtterGui\OtterGui.csproj", "{6A4F7788-DB91-41B6-A264-7FD9CCACD7AA}"
EndProject
Project("{9A19103F-16F7-4668-BE54-9A1E7A4F7556}") = "Glamourer", "Glamourer\Glamourer.csproj", "{01EB903D-871F-4285-A8CF-6486561D5B5B}"
EndProject
Global
	GlobalSection(SolutionConfigurationPlatforms) = preSolution
		Debug|Any CPU = Debug|Any CPU
		Release|Any CPU = Release|Any CPU
	EndGlobalSection
	GlobalSection(ProjectConfigurationPlatforms) = postSolution
		{A5439F6B-83C1-4078-9371-354A147FF554}.Debug|Any CPU.ActiveCfg = Debug|Any CPU
		{A5439F6B-83C1-4078-9371-354A147FF554}.Debug|Any CPU.Build.0 = Debug|Any CPU
		{A5439F6B-83C1-4078-9371-354A147FF554}.Release|Any CPU.ActiveCfg = Release|Any CPU
		{A5439F6B-83C1-4078-9371-354A147FF554}.Release|Any CPU.Build.0 = Release|Any CPU
		{51F4DDB0-1FA0-4629-9CFE-C55B6062907B}.Debug|Any CPU.ActiveCfg = Debug|Any CPU
		{51F4DDB0-1FA0-4629-9CFE-C55B6062907B}.Debug|Any CPU.Build.0 = Debug|Any CPU
		{51F4DDB0-1FA0-4629-9CFE-C55B6062907B}.Release|Any CPU.ActiveCfg = Release|Any CPU
		{51F4DDB0-1FA0-4629-9CFE-C55B6062907B}.Release|Any CPU.Build.0 = Release|Any CPU
		{9BEE2336-AA93-4669-8EEA-4756B3B2D024}.Debug|Any CPU.ActiveCfg = Debug|Any CPU
		{9BEE2336-AA93-4669-8EEA-4756B3B2D024}.Debug|Any CPU.Build.0 = Debug|Any CPU
		{9BEE2336-AA93-4669-8EEA-4756B3B2D024}.Release|Any CPU.ActiveCfg = Release|Any CPU
		{9BEE2336-AA93-4669-8EEA-4756B3B2D024}.Release|Any CPU.Build.0 = Release|Any CPU
		{6A4F7788-DB91-41B6-A264-7FD9CCACD7AA}.Debug|Any CPU.ActiveCfg = Debug|Any CPU
		{6A4F7788-DB91-41B6-A264-7FD9CCACD7AA}.Debug|Any CPU.Build.0 = Debug|Any CPU
		{6A4F7788-DB91-41B6-A264-7FD9CCACD7AA}.Release|Any CPU.ActiveCfg = Release|Any CPU
		{6A4F7788-DB91-41B6-A264-7FD9CCACD7AA}.Release|Any CPU.Build.0 = Release|Any CPU
		{01EB903D-871F-4285-A8CF-6486561D5B5B}.Debug|Any CPU.ActiveCfg = Debug|Any CPU
		{01EB903D-871F-4285-A8CF-6486561D5B5B}.Debug|Any CPU.Build.0 = Debug|Any CPU
		{01EB903D-871F-4285-A8CF-6486561D5B5B}.Release|Any CPU.ActiveCfg = Release|Any CPU
		{01EB903D-871F-4285-A8CF-6486561D5B5B}.Release|Any CPU.Build.0 = Release|Any CPU
	EndGlobalSection
	GlobalSection(SolutionProperties) = preSolution
		HideSolutionNode = FALSE
	EndGlobalSection
	GlobalSection(ExtensibilityGlobals) = postSolution
		SolutionGuid = {37674B88-2038-4C63-A979-84404391773A}
	EndGlobalSection
EndGlobal
