{
  "version": 1,
  "dependencies": {
    "net10.0-windows7.0": {
      "DalamudPackager": {
        "type": "Direct",
        "requested": "[14.0.1, )",
        "resolved": "14.0.1",
        "contentHash": "y0WWyUE6dhpGdolK3iKgwys05/nZaVf4ZPtIjpLhJBZvHxkkiE23zYRo7K7uqAgoK/QvK5cqF6l3VG5AbgC6KA=="
      },
      "DotNet.ReproducibleBuilds": {
        "type": "Direct",
        "requested": "[1.2.39, )",
        "resolved": "1.2.39",
        "contentHash": "fcFN01tDTIQqDuTwr1jUQK/geofiwjG5DycJQOnC72i1SsLAk1ELe+apBOuZ11UMQG8YKFZG1FgvjZPbqHyatg=="
      },
      "Vortice.Direct3D11": {
        "type": "Direct",
        "requested": "[3.4.2-beta, )",
        "resolved": "3.4.2-beta",
        "contentHash": "CWVMTF7ebylzzXbQXVp5C9UpBB/L+EpX2OxSdb2wlzcsdEmrev/Ith8wVs0WjZ6DbA0WiiybnYAWqB5v0nOO/A==",
        "dependencies": {
          "SharpGen.Runtime": "2.1.2-beta",
          "Vortice.DXGI": "3.4.2-beta"
        }
      },
      "FlatSharp.Compiler": {
        "type": "Transitive",
        "resolved": "7.9.0",
        "contentHash": "MU6808xvdbWJ3Ev+5PKalqQuzvVbn1DzzQH8txRDHGFUNDvHjd+ejqpvnYc9BSJ8Qp8VjkkpJD8OzRYilbPp3A=="
      },
      "FlatSharp.Runtime": {
        "type": "Transitive",
        "resolved": "7.9.0",
        "contentHash": "Bm8+WqzEsWNpxqrD5x4x+zQ8dyINlToCreM5FI2oNSfUVc9U9ZB+qztX/jd8rlJb3r0vBSlPwVLpw0xBtPa3Vw=="
      },
      "JetBrains.Annotations": {
        "type": "Transitive",
        "resolved": "2024.3.0",
        "contentHash": "ox5pkeLQXjvJdyAB4b2sBYAlqZGLh3PjSnP1bQNVx72ONuTJ9+34/+Rq91Fc0dG29XG9RgZur9+NcP4riihTug=="
      },
      "Microsoft.Extensions.DependencyInjection": {
        "type": "Transitive",
        "resolved": "9.0.2",
        "contentHash": "ZffbJrskOZ40JTzcTyKwFHS5eACSWp2bUQBBApIgGV+es8RaTD4OxUG7XxFr3RIPLXtYQ1jQzF2DjKB5fZn7Qg==",
        "dependencies": {
          "Microsoft.Extensions.DependencyInjection.Abstractions": "9.0.2"
        }
      },
      "Microsoft.Extensions.DependencyInjection.Abstractions": {
        "type": "Transitive",
        "resolved": "9.0.2",
        "contentHash": "MNe7GSTBf3jQx5vYrXF0NZvn6l7hUKF6J54ENfAgCO8y6xjN1XUmKKWG464LP2ye6QqDiA1dkaWEZBYnhoZzjg=="
      },
      "Microsoft.Extensions.Logging": {
        "type": "Transitive",
        "resolved": "9.0.0",
        "contentHash": "crjWyORoug0kK7RSNJBTeSE6VX8IQgLf3nUpTB9m62bPXp/tzbnOsnbe8TXEG0AASNaKZddnpHKw7fET8E++Pg==",
        "dependencies": {
          "Microsoft.Extensions.DependencyInjection": "9.0.0",
          "Microsoft.Extensions.Logging.Abstractions": "9.0.0",
          "Microsoft.Extensions.Options": "9.0.0"
        }
      },
      "Microsoft.Extensions.Logging.Abstractions": {
        "type": "Transitive",
        "resolved": "9.0.0",
        "contentHash": "g0UfujELzlLbHoVG8kPKVBaW470Ewi+jnptGS9KUi6jcb+k2StujtK3m26DFSGGwQ/+bVgZfsWqNzlP6YOejvw==",
        "dependencies": {
          "Microsoft.Extensions.DependencyInjection.Abstractions": "9.0.0"
        }
      },
      "Microsoft.Extensions.Options": {
        "type": "Transitive",
        "resolved": "9.0.0",
        "contentHash": "y2146b3jrPI3Q0lokKXdKLpmXqakYbDIPDV6r3M8SqvSf45WwOTzkyfDpxnZXJsJQEpAsAqjUq5Pu8RCJMjubg==",
        "dependencies": {
          "Microsoft.Extensions.DependencyInjection.Abstractions": "9.0.0",
          "Microsoft.Extensions.Primitives": "9.0.0"
        }
      },
      "Microsoft.Extensions.Primitives": {
        "type": "Transitive",
        "resolved": "9.0.0",
        "contentHash": "N3qEBzmLMYiASUlKxxFIISP4AiwuPTHF5uCh+2CWSwwzAJiIYx0kBJsS30cp1nvhSySFAVi30jecD307jV+8Kg=="
      },
      "SharpGen.Runtime": {
        "type": "Transitive",
        "resolved": "2.1.2-beta",
        "contentHash": "nqZAjfEG1jX1ivvdZLsi6Pkt0DiOJyuOgRgldNFsmjXFPhxUbXQibofLSwuDZidL2kkmtTF8qLoRIeqeVdXgYw=="
      },
      "SharpGen.Runtime.COM": {
        "type": "Transitive",
        "resolved": "2.1.2-beta",
        "contentHash": "HBCrb6HfnUWx9v5/GjJeBr5DuodZLnHlFQQYXPrQs1Hbe1c6Wd0uCXf+SJp4hW8fQNxjXEu0FgiyHGlA/SRzRw==",
        "dependencies": {
          "SharpGen.Runtime": "2.1.2-beta"
        }
      },
      "System.IO.Hashing": {
        "type": "Transitive",
        "resolved": "9.0.8",
        "contentHash": "5TJUS9EIYrp0VEcm06EPYxXmLmsVUakewFnM/CAxQfvlasI9fGkTKM9afSf2dodZcMCzFna/o7Fn+gYRt3uTiA=="
      },
      "Vortice.DirectX": {
        "type": "Transitive",
        "resolved": "3.4.2-beta",
        "contentHash": "EwDbemXkmEiDGZVDem25uiEcZBYOMb+wzePuta+M/k2LXrQVGPknZhZUK56+QlHhI+Ducf/d+J75wgBzEjKi2g==",
        "dependencies": {
          "SharpGen.Runtime": "2.1.2-beta",
          "SharpGen.Runtime.COM": "2.1.2-beta",
          "Vortice.Mathematics": "1.7.6"
        }
      },
      "Vortice.DXGI": {
        "type": "Transitive",
        "resolved": "3.4.2-beta",
        "contentHash": "T4S3pp6l/SGJ6SH3ebCbodN/bimGOkIBiIYKeBpVEis7+/ac1XIjyzgSTJ5XsH3o3hSH7DqSbP6Yo6mL9nyFQA==",
        "dependencies": {
          "SharpGen.Runtime": "2.1.2-beta",
          "Vortice.DirectX": "3.4.2-beta"
        }
      },
      "Vortice.Mathematics": {
        "type": "Transitive",
        "resolved": "1.7.6",
        "contentHash": "W8FNv850lPGxmHphwLyi1qnUlQHZBxh/62EenFJTaY6acPP29Fk0xMQJI60G+YNlsVJb3fSoriuW+ong5sM5UQ=="
      },
      "glamourer.api": {
        "type": "Project"
      },
      "luna": {
        "type": "Project",
        "dependencies": {
          "JetBrains.Annotations": "[2024.2.0, )",
          "Microsoft.Extensions.Logging": "[9.0.0, )",
          "System.IO.Hashing": "[9.0.8, )"
        }
      },
      "ottergui": {
        "type": "Project",
        "dependencies": {
          "JetBrains.Annotations": "[2024.3.0, )",
          "Microsoft.Extensions.DependencyInjection": "[9.0.2, )"
        }
      },
      "penumbra.api": {
        "type": "Project"
      },
      "penumbra.gamedata": {
        "type": "Project",
        "dependencies": {
          "FlatSharp.Compiler": "[7.9.0, )",
          "FlatSharp.Runtime": "[7.9.0, )",
          "Luna": "[1.0.0, )",
          "Penumbra.Api": "[5.14.0, )",
          "Penumbra.String": "[1.0.7, )"
        }
      },
      "penumbra.string": {
        "type": "Project"
      }
    }
  }
}